<?xml version="1.0" encoding="utf-8"?>
<Project ToolsVersion="4.0" xmlns="http://schemas.microsoft.com/developer/msbuild/2003">
  <ItemGroup>
    <Filter Include="源文件">
      <UniqueIdentifier>{4FC737F1-C7A5-4376-A066-2A32D752A2FF}</UniqueIdentifier>
      <Extensions>cpp;c;cc;cxx;def;odl;idl;hpj;bat;asm;asmx</Extensions>
    </Filter>
    <Filter Include="头文件">
      <UniqueIdentifier>{93995380-89BD-4b04-88EB-625FBE52EBFB}</UniqueIdentifier>
      <Extensions>h;hh;hpp;hxx;hm;inl;inc;xsd</Extensions>
    </Filter>
    <Filter Include="资源文件">
      <UniqueIdentifier>{67DA6AB6-F800-4c08-8B7A-83BB121AAD01}</UniqueIdentifier>
      <Extensions>rc;ico;cur;bmp;dlg;rc2;rct;bin;rgs;gif;jpg;jpeg;jpe;resx;tiff;tif;png;wav;mfcribbon-ms</Extensions>
    </Filter>
    <Filter Include="Math">
      <UniqueIdentifier>{9fe3260c-d3e7-4687-94fc-61796e208c74}</UniqueIdentifier>
    </Filter>
  </ItemGroup>
  <ItemGroup>
    <Text Include="ReadMe.txt" />
  </ItemGroup>
  <ItemGroup>
    <ClInclude Include="acg_base_lib.h">
      <Filter>头文件</Filter>
    </ClInclude>
    <ClInclude Include="acg_DbgOut.h">
      <Filter>头文件</Filter>
    </ClInclude>
    <ClInclude Include="acg_def.h">
      <Filter>头文件</Filter>
    </ClInclude>
    <ClInclude Include="acg_dll.h">
      <Filter>头文件</Filter>
    </ClInclude>
    <ClInclude Include="acg_mem.h">
      <Filter>头文件</Filter>
    </ClInclude>
    <ClInclude Include="acg_switch.h">
      <Filter>头文件</Filter>
    </ClInclude>
    <ClInclude Include="acgAtomic.h">
      <Filter>头文件</Filter>
    </ClInclude>
    <ClInclude Include="acgCondition.h">
      <Filter>头文件</Filter>
    </ClInclude>
    <ClInclude Include="acgCopyable.h">
      <Filter>头文件</Filter>
    </ClInclude>
    <ClInclude Include="acgCountDownLatch.h">
      <Filter>头文件</Filter>
    </ClInclude>
    <ClInclude Include="acgCurThread.h">
      <Filter>头文件</Filter>
    </ClInclude>
    <ClInclude Include="acgLoging.h">
      <Filter>头文件</Filter>
    </ClInclude>
    <ClInclude Include="acgLogStream.h">
      <Filter>头文件</Filter>
    </ClInclude>
    <ClInclude Include="acgMutexLock.h">
      <Filter>头文件</Filter>
    </ClInclude>
    <ClInclude Include="acgNoCopyable.h">
      <Filter>头文件</Filter>
    </ClInclude>
    <ClInclude Include="acgStringPiece.h">
      <Filter>头文件</Filter>
    </ClInclude>
    <ClInclude Include="acgThread.h">
      <Filter>头文件</Filter>
    </ClInclude>
    <ClInclude Include="acgTimestamp.h">
      <Filter>头文件</Filter>
    </ClInclude>
    <ClInclude Include="acg_type.h">
      <Filter>头文件</Filter>
    </ClInclude>
    <ClInclude Include="acgLogFile.h">
      <Filter>头文件</Filter>
    </ClInclude>
    <ClInclude Include="acgIOCP.h">
      <Filter>头文件</Filter>
    </ClInclude>
    <ClInclude Include="..\targetver.h">
      <Filter>头文件</Filter>
    </ClInclude>
    <ClInclude Include="acg_win.h">
      <Filter>头文件</Filter>
    </ClInclude>
    <ClInclude Include="Math\Vector.h">
      <Filter>Math</Filter>
    </ClInclude>
  </ItemGroup>
  <ItemGroup>
    <ClCompile Include="acg_base_lib.cpp">
      <Filter>源文件</Filter>
    </ClCompile>
    <ClCompile Include="acgAtomic.cpp">
      <Filter>源文件</Filter>
    </ClCompile>
    <ClCompile Include="acgCondition.cpp">
      <Filter>源文件</Filter>
    </ClCompile>
    <ClCompile Include="acgCountDownLatch.cpp">
      <Filter>源文件</Filter>
    </ClCompile>
    <ClCompile Include="acgLoging.cpp">
      <Filter>源文件</Filter>
    </ClCompile>
    <ClCompile Include="acgLogStream.cpp">
      <Filter>源文件</Filter>
    </ClCompile>
    <ClCompile Include="acgMutexLock.cpp">
      <Filter>源文件</Filter>
    </ClCompile>
    <ClCompile Include="acgThread.cpp">
      <Filter>源文件</Filter>
    </ClCompile>
    <ClCompile Include="acgTimestamp.cpp">
      <Filter>源文件</Filter>
    </ClCompile>
    <ClCompile Include="acgIOCP.cpp">
      <Filter>源文件</Filter>
    </ClCompile>
    <ClCompile Include="Math\Vector.cpp">
      <Filter>Math</Filter>
    </ClCompile>
  </ItemGroup>
</Project>